PODS:
  - Realm (10.50.0):
    - Realm/Headers (= 10.50.0)
  - Realm/Headers (10.50.0)
  - RealmSwift (10.50.0):
    - Realm (= 10.50.0)

DEPENDENCIES:
  - RealmSwift

SPEC REPOS:
  trunk:
    - Realm
    - RealmSwift

SPEC CHECKSUMS:
  Realm: a0a6a99e3dfa8959358a95c3c05845b5e5d6af30
  RealmSwift: fa111fb98e092a4dff1d0785ad0c3483feda607a

PODFILE CHECKSUM: 77ad44ef4f0590f430f805de3fcfd59b2df09e04

COCOAPODS: 1.14.3
